// !$*UTF8*$!
{
	archiveVersion = 1;
	classes = {
	};
	objectVersion = 46;
	objects = {

/* Begin PBXBuildFile section */
		C11670311F554E660081F6AD /* AppDelegate.swift in Sources */ = {isa = PBXBuildFile; fileRef = C11670301F554E660081F6AD /* AppDelegate.swift */; };
		C11670361F554E660081F6AD /* Main.storyboard in Resources */ = {isa = PBXBuildFile; fileRef = C11670341F554E660081F6AD /* Main.storyboard */; };
		C11670381F554E660081F6AD /* Assets.xcassets in Resources */ = {isa = PBXBuildFile; fileRef = C11670371F554E660081F6AD /* Assets.xcassets */; };
		C116703B1F554E660081F6AD /* LaunchScreen.storyboard in Resources */ = {isa = PBXBuildFile; fileRef = C11670391F554E660081F6AD /* LaunchScreen.storyboard */; };
		C11670431F554F390081F6AD /* UsersTableViewController.swift in Sources */ = {isa = PBXBuildFile; fileRef = C11670421F554F390081F6AD /* UsersTableViewController.swift */; };
		C11670451F55535A0081F6AD /* UsersTableViewCell.swift in Sources */ = {isa = PBXBuildFile; fileRef = C11670441F55535A0081F6AD /* UsersTableViewCell.swift */; };
/* End PBXBuildFile section */

/* Begin PBXFileReference section */
		C116702D1F554E660081F6AD /* MicroCurso-TV-0.app */ = {isa = PBXFileReference; explicitFileType = wrapper.application; includeInIndex = 0; path = "MicroCurso-TV-0.app"; sourceTree = BUILT_PRODUCTS_DIR; };
		C11670301F554E660081F6AD /* AppDelegate.swift */ = {isa = PBXFileReference; lastKnownFileType = sourcecode.swift; path = AppDelegate.swift; sourceTree = "<group>"; };
		C11670351F554E660081F6AD /* Base */ = {isa = PBXFileReference; lastKnownFileType = file.storyboard; name = Base; path = Base.lproj/Main.storyboard; sourceTree = "<group>"; };
		C11670371F554E660081F6AD /* Assets.xcassets */ = {isa = PBXFileReference; lastKnownFileType = folder.assetcatalog; path = Assets.xcassets; sourceTree = "<group>"; };
		C116703A1F554E660081F6AD /* Base */ = {isa = PBXFileReference; lastKnownFileType = file.storyboard; name = Base; path = Base.lproj/LaunchScreen.storyboard; sourceTree = "<group>"; };
		C116703C1F554E660081F6AD /* Info.plist */ = {isa = PBXFileReference; lastKnownFileType = text.plist.xml; path = Info.plist; sourceTree = "<group>"; };
		C11670421F554F390081F6AD /* UsersTableViewController.swift */ = {isa = PBXFileReference; fileEncoding = 4; lastKnownFileType = sourcecode.swift; path = UsersTableViewController.swift; sourceTree = "<group>"; };
		C11670441F55535A0081F6AD /* UsersTableViewCell.swift */ = {isa = PBXFileReference; fileEncoding = 4; lastKnownFileType = sourcecode.swift; path = UsersTableViewCell.swift; sourceTree = "<group>"; };
/* End PBXFileReference section */

/* Begin PBXFrameworksBuildPhase section */
		C116702A1F554E660081F6AD /* Frameworks */ = {
			isa = PBXFrameworksBuildPhase;
			buildActionMask = 2147483647;
			files = (
			);
			runOnlyForDeploymentPostprocessing = 0;
		};
/* End PBXFrameworksBuildPhase section */

/* Begin PBXGroup section */
		C11670241F554E660081F6AD = {
			isa = PBXGroup;
			children = (
				C116702F1F554E660081F6AD /* MicroCurso-TV-0 */,
				C116702E1F554E660081F6AD /* Products */,
			);
			sourceTree = "<group>";
		};
		C116702E1F554E660081F6AD /* Products */ = {
			isa = PBXGroup;
			children = (
				C116702D1F554E660081F6AD /* MicroCurso-TV-0.app */,
			);
			name = Products;
			sourceTree = "<group>";
		};
		C116702F1F554E660081F6AD /* MicroCurso-TV-0 */ = {
			isa = PBXGroup;
			children = (
				C11670301F554E660081F6AD /* AppDelegate.swift */,
				C11670341F554E660081F6AD /* Main.storyboard */,
				C11670371F554E660081F6AD /* Assets.xcassets */,
				C11670391F554E660081F6AD /* LaunchScreen.storyboard */,
				C116703C1F554E660081F6AD /* Info.plist */,
				C11670421F554F390081F6AD /* UsersTableViewController.swift */,
				C11670441F55535A0081F6AD /* UsersTableViewCell.swift */,
			);
			path = "MicroCurso-TV-0";
			sourceTree = "<group>";
		};
/* End PBXGroup section */

/* Begin PBXNativeTarget section */
		C116702C1F554E660081F6AD /* MicroCurso-TV-0 */ = {
			isa = PBXNativeTarget;
			buildConfigurationList = C116703F1F554E660081F6AD /* Build configuration list for PBXNativeTarget "MicroCurso-TV-0" */;
			buildPhases = (
				C11670291F554E660081F6AD /* Sources */,
				C116702A1F554E660081F6AD /* Frameworks */,
				C116702B1F554E660081F6AD /* Resources */,
			);
			buildRules = (
			);
			dependencies = (
			);
			name = "MicroCurso-TV-0";
			productName = "MicroCurso-TV-0";
			productReference = C116702D1F554E660081F6AD /* MicroCurso-TV-0.app */;
			productType = "com.apple.product-type.application";
		};
/* End PBXNativeTarget section */

/* Begin PBXProject section */
		C11670251F554E660081F6AD /* Project object */ = {
			isa = PBXProject;
			attributes = {
				LastSwiftUpdateCheck = 0830;
				LastUpgradeCheck = 0830;
				ORGANIZATIONNAME = "iosLab FI-UNAM";
				TargetAttributes = {
					C116702C1F554E660081F6AD = {
						CreatedOnToolsVersion = 8.3.3;
						ProvisioningStyle = Automatic;
					};
				};
			};
			buildConfigurationList = C11670281F554E660081F6AD /* Build configuration list for PBXProject "MicroCurso-TV-0" */;
			compatibilityVersion = "Xcode 3.2";
			developmentRegion = English;
			hasScannedForEncodings = 0;
			knownRegions = (
				en,
				Base,
			);
			mainGroup = C11670241F554E660081F6AD;
			productRefGroup = C116702E1F554E660081F6AD /* Products */;
			projectDirPath = "";
			projectRoot = "";
			targets = (
				C116702C1F554E660081F6AD /* MicroCurso-TV-0 */,
			);
		};
/* End PBXProject section */

/* Begin PBXResourcesBuildPhase section */
		C116702B1F554E660081F6AD /* Resources */ = {
			isa = PBXResourcesBuildPhase;
			buildActionMask = 2147483647;
			files = (
				C116703B1F554E660081F6AD /* LaunchScreen.storyboard in Resources */,
				C11670381F554E660081F6AD /* Assets.xcassets in Resources */,
				C11670361F554E660081F6AD /* Main.storyboard in Resources */,
			);
			runOnlyForDeploymentPostprocessing = 0;
		};
/* End PBXResourcesBuildPhase section */

/* Begin PBXSourcesBuildPhase section */
		C11670291F554E660081F6AD /* Sources */ = {
			isa = PBXSourcesBuildPhase;
			buildActionMask = 2147483647;
			files = (
				C11670431F554F390081F6AD /* UsersTableViewController.swift in Sources */,
				C11670451F55535A0081F6AD /* UsersTableViewCell.swift in Sources */,
				C11670311F554E660081F6AD /* AppDelegate.swift in Sources */,
			);
			runOnlyForDeploymentPostprocessing = 0;
		};
/* End PBXSourcesBuildPhase section */

/* Begin PBXVariantGroup section */
		C11670341F554E660081F6AD /* Main.storyboard */ = {
			isa = PBXVariantGroup;
			children = (
				C11670351F554E660081F6AD /* Base */,
			);
			name = Main.storyboard;
			sourceTree = "<group>";
		};
		C11670391F554E660081F6AD /* LaunchScreen.storyboard */ = {
			isa = PBXVariantGroup;
			children = (
				C116703A1F554E660081F6AD /* Base */,
			);
			name = LaunchScreen.storyboard;
			sourceTree = "<group>";
		};
/* End PBXVariantGroup section */

/* Begin XCBuildConfiguration section */
		C116703D1F554E660081F6AD /* Debug */ = {
			isa = XCBuildConfiguration;
			buildSettings = {
				ALWAYS_SEARCH_USER_PATHS = NO;
				CLANG_ANALYZER_NONNULL = YES;
				CLANG_ANALYZER_NUMBER_OBJECT_CONVERSION = YES_AGGRESSIVE;
				CLANG_CXX_LANGUAGE_STANDARD = "gnu++0x";
				CLANG_CXX_LIBRARY = "libc++";
				CLANG_ENABLE_MODULES = YES;
				CLANG_ENABLE_OBJC_ARC = YES;
				CLANG_WARN_BOOL_CONVERSION = YES;
				CLANG_WARN_CONSTANT_CONVERSION = YES;
				CLANG_WARN_DIRECT_OBJC_ISA_USAGE = YES_ERROR;
				CLANG_WARN_DOCUMENTATION_COMMENTS = YES;
				CLANG_WARN_EMPTY_BODY = YES;
				CLANG_WARN_ENUM_CONVERSION = YES;
				CLANG_WARN_INFINITE_RECURSION = YES;
				CLANG_WARN_INT_CONVERSION = YES;
				CLANG_WARN_OBJC_ROOT_CLASS = YES_ERROR;
				CLANG_WARN_SUSPICIOUS_MOVE = YES;
				CLANG_WARN_UNREACHABLE_CODE = YES;
				CLANG_WARN__DUPLICATE_METHOD_MATCH = YES;
				"CODE_SIGN_IDENTITY[sdk=iphoneos*]" = "iPhone Developer";
				COPY_PHASE_STRIP = NO;
				DEBUG_INFORMATION_FORMAT = dwarf;
				ENABLE_STRICT_OBJC_MSGSEND = YES;
				ENABLE_TESTABILITY = YES;
				GCC_C_LANGUAGE_STANDARD = gnu99;
				GCC_DYNAMIC_NO_PIC = NO;
				GCC_NO_COMMON_BLOCKS = YES;
				GCC_OPTIMIZATION_LEVEL = 0;
				GCC_PREPROCESSOR_DEFINITIONS = (
					"DEBUG=1",
					"$(inherited)",
				);
				GCC_WARN_64_TO_32_BIT_CONVERSION = YES;
				GCC_WARN_ABOUT_RETURN_TYPE = YES_ERROR;
				GCC_WARN_UNDECLARED_SELECTOR = YES;
				GCC_WARN_UNINITIALIZED_AUTOS = YES_AGGRESSIVE;
				GCC_WARN_UNUSED_FUNCTION = YES;
				GCC_WARN_UNUSED_VARIABLE = YES;
				IPHONEOS_DEPLOYMENT_TARGET = 10.3;
				MTL_ENABLE_DEBUG_INFO = YES;
				ONLY_ACTIVE_ARCH = YES;
				SDKROOT = iphoneos;
				SWIFT_ACTIVE_COMPILATION_CONDITIONS = DEBUG;
				SWIFT_OPTIMIZATION_LEVEL = "-Onone";
			};
			name = Debug;
		};
		C116703E1F554E660081F6AD /* Release */ = {
			isa = XCBuildConfiguration;
			buildSettings = {
				ALWAYS_SEARCH_USER_PATHS = NO;
				CLANG_ANALYZER_NONNULL = YES;
				CLANG_ANALYZER_NUMBER_OBJECT_CONVERSION = YES_AGGRESSIVE;
				CLANG_CXX_LANGUAGE_STANDARD = "gnu++0x";
				CLANG_CXX_LIBRARY = "libc++";
				CLANG_ENABLE_MODULES = YES;
				CLANG_ENABLE_OBJC_ARC = YES;
				CLANG_WARN_BOOL_CONVERSION = YES;
				CLANG_WARN_CONSTANT_CONVERSION = YES;
				CLANG_WARN_DIRECT_OBJC_ISA_USAGE = YES_ERROR;
				CLANG_WARN_DOCUMENTATION_COMMENTS = YES;
				CLANG_WARN_EMPTY_BODY = YES;
				CLANG_WARN_ENUM_CONVERSION = YES;
				CLANG_WARN_INFINITE_RECURSION = YES;
				CLANG_WARN_INT_CONVERSION = YES;
				CLANG_WARN_OBJC_ROOT_CLASS = YES_ERROR;
				CLANG_WARN_SUSPICIOUS_MOVE = YES;
				CLANG_WARN_UNREACHABLE_CODE = YES;
				CLANG_WARN__DUPLICATE_METHOD_MATCH = YES;
				"CODE_SIGN_IDENTITY[sdk=iphoneos*]" = "iPhone Developer";
				COPY_PHASE_STRIP = NO;
				DEBUG_INFORMATION_FORMAT = "dwarf-with-dsym";
				ENABLE_NS_ASSERTIONS = NO;
				ENABLE_STRICT_OBJC_MSGSEND = YES;
				GCC_C_LANGUAGE_STANDARD = gnu99;
				GCC_NO_COMMON_BLOCKS = YES;
				GCC_WARN_64_TO_32_BIT_CONVERSION = YES;
				GCC_WARN_ABOUT_RETURN_TYPE = YES_ERROR;
				GCC_WARN_UNDECLARED_SELECTOR = YES;
				GCC_WARN_UNINITIALIZED_AUTOS = YES_AGGRESSIVE;
				GCC_WARN_UNUSED_FUNCTION = YES;
				GCC_WARN_UNUSED_VARIABLE = YES;
				IPHONEOS_DEPLOYMENT_TARGET = 10.3;
				MTL_ENABLE_DEBUG_INFO = NO;
				SDKROOT = iphoneos;
				SWIFT_OPTIMIZATION_LEVEL = "-Owholemodule";
				VALIDATE_PRODUCT = YES;
			};
			name = Release;
		};
		C11670401F554E660081F6AD /* Debug */ = {
			isa = XCBuildConfiguration;
			buildSettings = {
				ASSETCATALOG_COMPILER_APPICON_NAME = AppIcon;
				INFOPLIST_FILE = "MicroCurso-TV-0/Info.plist";
				LD_RUNPATH_SEARCH_PATHS = "$(inherited) @executable_path/Frameworks";
				PRODUCT_BUNDLE_IDENTIFIER = "edu.unam.MicroCurso-TV-0";
				PRODUCT_NAME = "$(TARGET_NAME)";
				SWIFT_VERSION = 3.0;
			};
			name = Debug;
		};
		C11670411F554E660081F6AD /* Release */ = {
			isa = XCBuildConfiguration;
			buildSettings = {
				ASSETCATALOG_COMPILER_APPICON_NAME = AppIcon;
				INFOPLIST_FILE = "MicroCurso-TV-0/Info.plist";
				LD_RUNPATH_SEARCH_PATHS = "$(inherited) @executable_path/Frameworks";
				PRODUCT_BUNDLE_IDENTIFIER = "edu.unam.MicroCurso-TV-0";
				PRODUCT_NAME = "$(TARGET_NAME)";
				SWIFT_VERSION = 3.0;
			};
			name = Release;
		};
/* End XCBuildConfiguration section */

/* Begin XCConfigurationList section */
		C11670281F554E660081F6AD /* Build configuration list for PBXProject "MicroCurso-TV-0" */ = {
			isa = XCConfigurationList;
			buildConfigurations = (
				C116703D1F554E660081F6AD /* Debug */,
				C116703E1F554E660081F6AD /* Release */,
			);
			defaultConfigurationIsVisible = 0;
			defaultConfigurationName = Release;
		};
		C116703F1F554E660081F6AD /* Build configuration list for PBXNativeTarget "MicroCurso-TV-0" */ = {
			isa = XCConfigurationList;
			buildConfigurations = (
				C11670401F554E660081F6AD /* Debug */,
				C11670411F554E660081F6AD /* Release */,
			);
			defaultConfigurationIsVisible = 0;
		};
/* End XCConfigurationList section */
	};
	rootObject = C11670251F554E660081F6AD /* Project object */;
}
